Microsoft Visual Studio Solution File, Format Version 11.00
# Visual Studio 2008

Project("{347CCB82-874E-4BCF-3BB4-20D04010DA3D}") = "DianZiZhan", "Assembly-CSharp.csproj", "{BAA5552F-473A-E626-99FA-3648E849B432}"
EndProject
Project("{347CCB82-874E-4BCF-3BB4-20D04010DA3D}") = "DianZiZhan", "Assembly-CSharp-Editor.csproj", "{05F86BC7-BDE1-8C94-3DFC-0824E3F81E49}"
EndProject
Global
	GlobalSection(SolutionConfigurationPlatforms) = preSolution
		Debug|Any CPU = Debug|Any CPU
		Release|Any CPU = Release|Any CPU
	EndGlobalSection
	GlobalSection(ProjectConfigurationPlatforms) = postSolution
		{BAA5552F-473A-E626-99FA-3648E849B432}.Debug|Any CPU.ActiveCfg = Debug|Any CPU
		{BAA5552F-473A-E626-99FA-3648E849B432}.Debug|Any CPU.Build.0 = Debug|Any CPU
		{BAA5552F-473A-E626-99FA-3648E849B432}.Release|Any CPU.ActiveCfg = Release|Any CPU
		{BAA5552F-473A-E626-99FA-3648E849B432}.Release|Any CPU.Build.0 = Release|Any CPU
		{05F86BC7-BDE1-8C94-3DFC-0824E3F81E49}.Debug|Any CPU.ActiveCfg = Debug|Any CPU
		{05F86BC7-BDE1-8C94-3DFC-0824E3F81E49}.Debug|Any CPU.Build.0 = Debug|Any CPU
		{05F86BC7-BDE1-8C94-3DFC-0824E3F81E49}.Release|Any CPU.ActiveCfg = Release|Any CPU
		{05F86BC7-BDE1-8C94-3DFC-0824E3F81E49}.Release|Any CPU.Build.0 = Release|Any CPU
	EndGlobalSection
	GlobalSection(SolutionProperties) = preSolution
		HideSolutionNode = FALSE
	EndGlobalSection
	GlobalSection(MonoDevelopProperties) = preSolution
		StartupItem = Assembly-CSharp.csproj
	EndGlobalSection
EndGlobal
